
Microsoft Visual Studio Solution File, Format Version 12.00
# Visual Studio Version 17
VisualStudioVersion = 17.3.32819.101
MinimumVisualStudioVersion = 10.0.40219.1
Project("{FAE04EC0-301F-11D3-BF4B-00C04F79EFBC}") = "ConsoleApp1", "ConsoleApp1\ConsoleApp1.csproj", "{ADEC8142-9ADB-4912-88E4-3647A5D80DD3}"
EndProject
Project("{FAE04EC0-301F-11D3-BF4B-00C04F79EFBC}") = "Ders2", "Ders2\Ders2.csproj", "{349EF17B-E03C-47A8-A473-DA2090557B0C}"
EndProject
Project("{FAE04EC0-301F-11D3-BF4B-00C04F79EFBC}") = "Ders3", "Ders3\Ders3.csproj", "{FBE8E904-9F70-467B-8ECF-544AF1CFC428}"
EndProject
Project("{FAE04EC0-301F-11D3-BF4B-00C04F79EFBC}") = "Ders4", "Ders4\Ders4.csproj", "{0E9A82DD-5A3E-4C88-BA05-83E695851FB6}"
EndProject
Project("{FAE04EC0-301F-11D3-BF4B-00C04F79EFBC}") = "Ders5", "Ders5\Ders5.csproj", "{4DF77217-824B-43E6-9991-B92E6D151B9D}"
EndProject
Project("{FAE04EC0-301F-11D3-BF4B-00C04F79EFBC}") = "Ders6", "Ders6\Ders6.csproj", "{DCA1AD8F-D22A-4393-A38E-9479277B5E00}"
EndProject
Project("{FAE04EC0-301F-11D3-BF4B-00C04F79EFBC}") = "Ders7", "Ders7\Ders7.csproj", "{8F1C9E40-ACF7-48C7-8989-2492C61D34FE}"
EndProject
Project("{FAE04EC0-301F-11D3-BF4B-00C04F79EFBC}") = "Ders8", "Ders8\Ders8.csproj", "{B7ED3DE4-0B31-4E12-BAC4-E21941C0778A}"
EndProject
Project("{FAE04EC0-301F-11D3-BF4B-00C04F79EFBC}") = "ElaveNezeriyye-8", "ElaveNezeriyye-8\ElaveNezeriyye-8.csproj", "{169A4FDB-DA5A-45D6-8D79-AF5CD8B13368}"
EndProject
Project("{FAE04EC0-301F-11D3-BF4B-00C04F79EFBC}") = "Ders9", "Ders9\Ders9.csproj", "{6CDA5800-935F-4103-A8FB-02F35B4BBA42}"
EndProject
Project("{FAE04EC0-301F-11D3-BF4B-00C04F79EFBC}") = "Ders10", "Ders10\Ders10.csproj", "{1FEA1834-DC86-4892-89E4-9B0C75B413BC}"
EndProject
Project("{FAE04EC0-301F-11D3-BF4B-00C04F79EFBC}") = "Ders11", "Ders11\Ders11.csproj", "{1715CE77-A77B-4D43-8250-9211D5189270}"
EndProject
Project("{FAE04EC0-301F-11D3-BF4B-00C04F79EFBC}") = "Ders12", "Ders12\Ders12.csproj", "{EFCE5A02-7CD6-4132-8DAF-8EB8C55EA675}"
EndProject
Project("{FAE04EC0-301F-11D3-BF4B-00C04F79EFBC}") = "Ders11-Dictionary", "Ders11-Dictionary\Ders11-Dictionary.csproj", "{6FF32C61-F26F-4F8A-811E-72CF3063C195}"
EndProject
Project("{FAE04EC0-301F-11D3-BF4B-00C04F79EFBC}") = "Ders13", "Ders13\Ders13.csproj", "{40A11C58-1F71-4BE3-BDDA-4072BAD9B318}"
EndProject
Project("{FAE04EC0-301F-11D3-BF4B-00C04F79EFBC}") = "Ders14", "Ders14\Ders14.csproj", "{3FD697C4-21DF-4B79-8914-78487AFEA662}"
EndProject
Project("{FAE04EC0-301F-11D3-BF4B-00C04F79EFBC}") = "Ders15-Elave Tekrar", "Ders15-Elave Tekrar\Ders15-Elave Tekrar.csproj", "{3FC93A9F-99C6-49E5-B911-B54D78BD71D2}"
EndProject
Global
	GlobalSection(SolutionConfigurationPlatforms) = preSolution
		Debug|Any CPU = Debug|Any CPU
		Release|Any CPU = Release|Any CPU
	EndGlobalSection
	GlobalSection(ProjectConfigurationPlatforms) = postSolution
		{ADEC8142-9ADB-4912-88E4-3647A5D80DD3}.Debug|Any CPU.ActiveCfg = Debug|Any CPU
		{ADEC8142-9ADB-4912-88E4-3647A5D80DD3}.Debug|Any CPU.Build.0 = Debug|Any CPU
		{ADEC8142-9ADB-4912-88E4-3647A5D80DD3}.Release|Any CPU.ActiveCfg = Release|Any CPU
		{ADEC8142-9ADB-4912-88E4-3647A5D80DD3}.Release|Any CPU.Build.0 = Release|Any CPU
		{349EF17B-E03C-47A8-A473-DA2090557B0C}.Debug|Any CPU.ActiveCfg = Debug|Any CPU
		{349EF17B-E03C-47A8-A473-DA2090557B0C}.Debug|Any CPU.Build.0 = Debug|Any CPU
		{349EF17B-E03C-47A8-A473-DA2090557B0C}.Release|Any CPU.ActiveCfg = Release|Any CPU
		{349EF17B-E03C-47A8-A473-DA2090557B0C}.Release|Any CPU.Build.0 = Release|Any CPU
		{FBE8E904-9F70-467B-8ECF-544AF1CFC428}.Debug|Any CPU.ActiveCfg = Debug|Any CPU
		{FBE8E904-9F70-467B-8ECF-544AF1CFC428}.Debug|Any CPU.Build.0 = Debug|Any CPU
		{FBE8E904-9F70-467B-8ECF-544AF1CFC428}.Release|Any CPU.ActiveCfg = Release|Any CPU
		{FBE8E904-9F70-467B-8ECF-544AF1CFC428}.Release|Any CPU.Build.0 = Release|Any CPU
		{0E9A82DD-5A3E-4C88-BA05-83E695851FB6}.Debug|Any CPU.ActiveCfg = Debug|Any CPU
		{0E9A82DD-5A3E-4C88-BA05-83E695851FB6}.Debug|Any CPU.Build.0 = Debug|Any CPU
		{0E9A82DD-5A3E-4C88-BA05-83E695851FB6}.Release|Any CPU.ActiveCfg = Release|Any CPU
		{0E9A82DD-5A3E-4C88-BA05-83E695851FB6}.Release|Any CPU.Build.0 = Release|Any CPU
		{4DF77217-824B-43E6-9991-B92E6D151B9D}.Debug|Any CPU.ActiveCfg = Debug|Any CPU
		{4DF77217-824B-43E6-9991-B92E6D151B9D}.Debug|Any CPU.Build.0 = Debug|Any CPU
		{4DF77217-824B-43E6-9991-B92E6D151B9D}.Release|Any CPU.ActiveCfg = Release|Any CPU
		{4DF77217-824B-43E6-9991-B92E6D151B9D}.Release|Any CPU.Build.0 = Release|Any CPU
		{DCA1AD8F-D22A-4393-A38E-9479277B5E00}.Debug|Any CPU.ActiveCfg = Debug|Any CPU
		{DCA1AD8F-D22A-4393-A38E-9479277B5E00}.Debug|Any CPU.Build.0 = Debug|Any CPU
		{DCA1AD8F-D22A-4393-A38E-9479277B5E00}.Release|Any CPU.ActiveCfg = Release|Any CPU
		{DCA1AD8F-D22A-4393-A38E-9479277B5E00}.Release|Any CPU.Build.0 = Release|Any CPU
		{8F1C9E40-ACF7-48C7-8989-2492C61D34FE}.Debug|Any CPU.ActiveCfg = Debug|Any CPU
		{8F1C9E40-ACF7-48C7-8989-2492C61D34FE}.Debug|Any CPU.Build.0 = Debug|Any CPU
		{8F1C9E40-ACF7-48C7-8989-2492C61D34FE}.Release|Any CPU.ActiveCfg = Release|Any CPU
		{8F1C9E40-ACF7-48C7-8989-2492C61D34FE}.Release|Any CPU.Build.0 = Release|Any CPU
		{B7ED3DE4-0B31-4E12-BAC4-E21941C0778A}.Debug|Any CPU.ActiveCfg = Debug|Any CPU
		{B7ED3DE4-0B31-4E12-BAC4-E21941C0778A}.Debug|Any CPU.Build.0 = Debug|Any CPU
		{B7ED3DE4-0B31-4E12-BAC4-E21941C0778A}.Release|Any CPU.ActiveCfg = Release|Any CPU
		{B7ED3DE4-0B31-4E12-BAC4-E21941C0778A}.Release|Any CPU.Build.0 = Release|Any CPU
		{169A4FDB-DA5A-45D6-8D79-AF5CD8B13368}.Debug|Any CPU.ActiveCfg = Debug|Any CPU
		{169A4FDB-DA5A-45D6-8D79-AF5CD8B13368}.Debug|Any CPU.Build.0 = Debug|Any CPU
		{169A4FDB-DA5A-45D6-8D79-AF5CD8B13368}.Release|Any CPU.ActiveCfg = Release|Any CPU
		{169A4FDB-DA5A-45D6-8D79-AF5CD8B13368}.Release|Any CPU.Build.0 = Release|Any CPU
		{6CDA5800-935F-4103-A8FB-02F35B4BBA42}.Debug|Any CPU.ActiveCfg = Debug|Any CPU
		{6CDA5800-935F-4103-A8FB-02F35B4BBA42}.Debug|Any CPU.Build.0 = Debug|Any CPU
		{6CDA5800-935F-4103-A8FB-02F35B4BBA42}.Release|Any CPU.ActiveCfg = Release|Any CPU
		{6CDA5800-935F-4103-A8FB-02F35B4BBA42}.Release|Any CPU.Build.0 = Release|Any CPU
		{1FEA1834-DC86-4892-89E4-9B0C75B413BC}.Debug|Any CPU.ActiveCfg = Debug|Any CPU
		{1FEA1834-DC86-4892-89E4-9B0C75B413BC}.Debug|Any CPU.Build.0 = Debug|Any CPU
		{1FEA1834-DC86-4892-89E4-9B0C75B413BC}.Release|Any CPU.ActiveCfg = Release|Any CPU
		{1FEA1834-DC86-4892-89E4-9B0C75B413BC}.Release|Any CPU.Build.0 = Release|Any CPU
		{1715CE77-A77B-4D43-8250-9211D5189270}.Debug|Any CPU.ActiveCfg = Debug|Any CPU
		{1715CE77-A77B-4D43-8250-9211D5189270}.Debug|Any CPU.Build.0 = Debug|Any CPU
		{1715CE77-A77B-4D43-8250-9211D5189270}.Release|Any CPU.ActiveCfg = Release|Any CPU
		{1715CE77-A77B-4D43-8250-9211D5189270}.Release|Any CPU.Build.0 = Release|Any CPU
		{EFCE5A02-7CD6-4132-8DAF-8EB8C55EA675}.Debug|Any CPU.ActiveCfg = Debug|Any CPU
		{EFCE5A02-7CD6-4132-8DAF-8EB8C55EA675}.Debug|Any CPU.Build.0 = Debug|Any CPU
		{EFCE5A02-7CD6-4132-8DAF-8EB8C55EA675}.Release|Any CPU.ActiveCfg = Release|Any CPU
		{EFCE5A02-7CD6-4132-8DAF-8EB8C55EA675}.Release|Any CPU.Build.0 = Release|Any CPU
		{6FF32C61-F26F-4F8A-811E-72CF3063C195}.Debug|Any CPU.ActiveCfg = Debug|Any CPU
		{6FF32C61-F26F-4F8A-811E-72CF3063C195}.Debug|Any CPU.Build.0 = Debug|Any CPU
		{6FF32C61-F26F-4F8A-811E-72CF3063C195}.Release|Any CPU.ActiveCfg = Release|Any CPU
		{6FF32C61-F26F-4F8A-811E-72CF3063C195}.Release|Any CPU.Build.0 = Release|Any CPU
		{40A11C58-1F71-4BE3-BDDA-4072BAD9B318}.Debug|Any CPU.ActiveCfg = Debug|Any CPU
		{40A11C58-1F71-4BE3-BDDA-4072BAD9B318}.Debug|Any CPU.Build.0 = Debug|Any CPU
		{40A11C58-1F71-4BE3-BDDA-4072BAD9B318}.Release|Any CPU.ActiveCfg = Release|Any CPU
		{40A11C58-1F71-4BE3-BDDA-4072BAD9B318}.Release|Any CPU.Build.0 = Release|Any CPU
		{3FD697C4-21DF-4B79-8914-78487AFEA662}.Debug|Any CPU.ActiveCfg = Debug|Any CPU
		{3FD697C4-21DF-4B79-8914-78487AFEA662}.Debug|Any CPU.Build.0 = Debug|Any CPU
		{3FD697C4-21DF-4B79-8914-78487AFEA662}.Release|Any CPU.ActiveCfg = Release|Any CPU
		{3FD697C4-21DF-4B79-8914-78487AFEA662}.Release|Any CPU.Build.0 = Release|Any CPU
		{3FC93A9F-99C6-49E5-B911-B54D78BD71D2}.Debug|Any CPU.ActiveCfg = Debug|Any CPU
		{3FC93A9F-99C6-49E5-B911-B54D78BD71D2}.Debug|Any CPU.Build.0 = Debug|Any CPU
		{3FC93A9F-99C6-49E5-B911-B54D78BD71D2}.Release|Any CPU.ActiveCfg = Release|Any CPU
		{3FC93A9F-99C6-49E5-B911-B54D78BD71D2}.Release|Any CPU.Build.0 = Release|Any CPU
	EndGlobalSection
	GlobalSection(SolutionProperties) = preSolution
		HideSolutionNode = FALSE
	EndGlobalSection
	GlobalSection(ExtensibilityGlobals) = postSolution
		SolutionGuid = {975D7B88-C87C-4AAF-8C92-0EC22C2E32F3}
	EndGlobalSection
EndGlobal
